
Microsoft Visual Studio Solution File, Format Version 12.00
# Visual Studio 15
VisualStudioVersion = 15.0.26730.12
MinimumVisualStudioVersion = 10.0.40219.1
Project("{FAE04EC0-301F-11D3-BF4B-00C04F79EFBC}") = "OOP_Lab_11", "OOP_Lab_11\OOP_Lab_11.csproj", "{AEC1EA78-06C6-41DA-A742-D80E6591FCB2}"
EndProject
Global
	GlobalSection(SolutionConfigurationPlatforms) = preSolution
		Debug|Any CPU = Debug|Any CPU
		Release|Any CPU = Release|Any CPU
	EndGlobalSection
	GlobalSection(ProjectConfigurationPlatforms) = postSolution
		{AEC1EA78-06C6-41DA-A742-D80E6591FCB2}.Debug|Any CPU.ActiveCfg = Debug|Any CPU
		{AEC1EA78-06C6-41DA-A742-D80E6591FCB2}.Debug|Any CPU.Build.0 = Debug|Any CPU
		{AEC1EA78-06C6-41DA-A742-D80E6591FCB2}.Release|Any CPU.ActiveCfg = Release|Any CPU
		{AEC1EA78-06C6-41DA-A742-D80E6591FCB2}.Release|Any CPU.Build.0 = Release|Any CPU
	EndGlobalSection
	GlobalSection(SolutionProperties) = preSolution
		HideSolutionNode = FALSE
	EndGlobalSection
	GlobalSection(ExtensibilityGlobals) = postSolution
		SolutionGuid = {0E7EFD24-F937-494B-AEF8-064C3C23B327}
	EndGlobalSection
EndGlobal
