
Microsoft Visual Studio Solution File, Format Version 12.00
# Visual Studio 15
VisualStudioVersion = 15.0.26730.12
MinimumVisualStudioVersion = 10.0.40219.1
Project("{FAE04EC0-301F-11D3-BF4B-00C04F79EFBC}") = "OOP_Lab_16", "OOP_Lab_16\OOP_Lab_16.csproj", "{B698C8CF-205C-4C7E-AC6F-A93D3CC3555E}"
EndProject
Global
	GlobalSection(SolutionConfigurationPlatforms) = preSolution
		Debug|Any CPU = Debug|Any CPU
		Release|Any CPU = Release|Any CPU
	EndGlobalSection
	GlobalSection(ProjectConfigurationPlatforms) = postSolution
		{B698C8CF-205C-4C7E-AC6F-A93D3CC3555E}.Debug|Any CPU.ActiveCfg = Debug|Any CPU
		{B698C8CF-205C-4C7E-AC6F-A93D3CC3555E}.Debug|Any CPU.Build.0 = Debug|Any CPU
		{B698C8CF-205C-4C7E-AC6F-A93D3CC3555E}.Release|Any CPU.ActiveCfg = Release|Any CPU
		{B698C8CF-205C-4C7E-AC6F-A93D3CC3555E}.Release|Any CPU.Build.0 = Release|Any CPU
	EndGlobalSection
	GlobalSection(SolutionProperties) = preSolution
		HideSolutionNode = FALSE
	EndGlobalSection
	GlobalSection(ExtensibilityGlobals) = postSolution
		SolutionGuid = {8778A7C4-42B5-41DB-B9B3-303A6DB69C7F}
	EndGlobalSection
EndGlobal
