
Microsoft Visual Studio Solution File, Format Version 12.00
# Visual Studio 15
VisualStudioVersion = 15.0.26730.12
MinimumVisualStudioVersion = 10.0.40219.1
Project("{FAE04EC0-301F-11D3-BF4B-00C04F79EFBC}") = "OOP_Lab_13", "OOP_Lab_13\OOP_Lab_13.csproj", "{A36C9A29-8781-4BEB-829B-0BBCBE3BC812}"
EndProject
Global
	GlobalSection(SolutionConfigurationPlatforms) = preSolution
		Debug|Any CPU = Debug|Any CPU
		Release|Any CPU = Release|Any CPU
	EndGlobalSection
	GlobalSection(ProjectConfigurationPlatforms) = postSolution
		{A36C9A29-8781-4BEB-829B-0BBCBE3BC812}.Debug|Any CPU.ActiveCfg = Debug|Any CPU
		{A36C9A29-8781-4BEB-829B-0BBCBE3BC812}.Debug|Any CPU.Build.0 = Debug|Any CPU
		{A36C9A29-8781-4BEB-829B-0BBCBE3BC812}.Release|Any CPU.ActiveCfg = Release|Any CPU
		{A36C9A29-8781-4BEB-829B-0BBCBE3BC812}.Release|Any CPU.Build.0 = Release|Any CPU
	EndGlobalSection
	GlobalSection(SolutionProperties) = preSolution
		HideSolutionNode = FALSE
	EndGlobalSection
	GlobalSection(ExtensibilityGlobals) = postSolution
		SolutionGuid = {D74FE6DD-2FD4-4EC4-B4E4-D49FD36E2AAD}
	EndGlobalSection
EndGlobal
